
Microsoft Visual Studio Solution File, Format Version 12.00
# Visual Studio Version 16
VisualStudioVersion = 16.0.28803.352
MinimumVisualStudioVersion = 10.0.40219.1
Project("{8BC9CEB8-8B4A-11D0-8D11-00A0C91BC942}") = "PAT", "PAT.vcxproj", "{423534AB-CD6C-48CB-96A9-7A8143D1C8D1}"
EndProject
Project("{8BC9CEB8-8B4A-11D0-8D11-00A0C91BC942}") = "LA1001", "..\LA1001\LA1001.vcxproj", "{C0E32C59-2220-4DC7-A5E5-4645D19DA4E5}"
EndProject
Project("{8BC9CEB8-8B4A-11D0-8D11-00A0C91BC942}") = "LA1006", "..\LA1006\LA1006.vcxproj", "{9E583EFF-D391-4407-B467-80B6C116583E}"
EndProject
Project("{8BC9CEB8-8B4A-11D0-8D11-00A0C91BC942}") = "LA1007", "..\LA1007\LA1007.vcxproj", "{57B4E427-1BA8-4DFE-98EE-94673E134F7B}"
EndProject
Project("{8BC9CEB8-8B4A-11D0-8D11-00A0C91BC942}") = "LA1011", "..\LA1011\LA1011.vcxproj", "{05994AC7-B3E1-428E-8830-C0B89619BB03}"
EndProject
Project("{8BC9CEB8-8B4A-11D0-8D11-00A0C91BC942}") = "LA1043", "..\LA1043\LA1043.vcxproj", "{8E5C4C7C-0E7F-4B94-9A38-FC84FCED1725}"
EndProject
Project("{8BC9CEB8-8B4A-11D0-8D11-00A0C91BC942}") = "LA1064", "..\LA1064\LA1064.vcxproj", "{F3AFCBC9-8B5D-453F-8502-601EB0966061}"
EndProject
Project("{8BC9CEB8-8B4A-11D0-8D11-00A0C91BC942}") = "LA1004", "..\LA1004\LA1004.vcxproj", "{CFBE27D6-1F5D-4FC9-AB38-2056559DE7D6}"
EndProject
Project("{8BC9CEB8-8B4A-11D0-8D11-00A0C91BC942}") = "LA1099", "..\LA1099\LA1099.vcxproj", "{77BDCCB5-4A6E-4DC1-8E1D-AA5DE608DF27}"
EndProject
Project("{8BC9CEB8-8B4A-11D0-8D11-00A0C91BC942}") = "LA1053", "..\LA1053\LA1053.vcxproj", "{C5BAB9B1-0EB1-4CDC-A845-CB141826D424}"
EndProject
Project("{8BC9CEB8-8B4A-11D0-8D11-00A0C91BC942}") = "LA1079", "..\LA1079\LA1079.vcxproj", "{F2EA0323-D0C8-47AA-8D0A-993305545CFE}"
EndProject
Project("{8BC9CEB8-8B4A-11D0-8D11-00A0C91BC942}") = "LA1086", "..\LA1086\LA1086.vcxproj", "{F3D1054F-5EC8-47AA-9DE3-649B444F675B}"
EndProject
Project("{8BC9CEB8-8B4A-11D0-8D11-00A0C91BC942}") = "LA1090", "..\LA1090\LA1090.vcxproj", "{62841772-DC86-4AF6-A1AB-90D0346CFE82}"
EndProject
Project("{8BC9CEB8-8B4A-11D0-8D11-00A0C91BC942}") = "LA1094", "..\LA1094\LA1094.vcxproj", "{075EFEA4-3DB5-47D4-A404-7B662BC84AA5}"
EndProject
Project("{8BC9CEB8-8B4A-11D0-8D11-00A0C91BC942}") = "LA1102", "..\LA1102\LA1102.vcxproj", "{21E4B44C-E240-45EB-992F-2DF85938A97B}"
EndProject
Project("{8BC9CEB8-8B4A-11D0-8D11-00A0C91BC942}") = "LA1106", "..\LA1106\LA1106.vcxproj", "{702DA943-541F-4B2A-91E9-0534E3A821D7}"
EndProject
Project("{8BC9CEB8-8B4A-11D0-8D11-00A0C91BC942}") = "LA1119", "..\LA1119\LA1119.vcxproj", "{75842AE9-5CA0-40BF-AD85-C9AD12D9EA56}"
EndProject
Project("{8BC9CEB8-8B4A-11D0-8D11-00A0C91BC942}") = "LA1103", "..\LA1103\LA1103.vcxproj", "{4102015A-59A4-41C3-93F2-DB66ECAABC62}"
EndProject
Project("{8BC9CEB8-8B4A-11D0-8D11-00A0C91BC942}") = "LA1091", "..\LA1091\LA1091.vcxproj", "{6D2B6DBF-4A83-4D1B-A03D-77348E139B5D}"
EndProject
Project("{8BC9CEB8-8B4A-11D0-8D11-00A0C91BC942}") = "LA1003", "..\LA1003\LA1003.vcxproj", "{6F2458AD-E8F4-4455-A1F6-3D5A9A359B98}"
EndProject
Project("{8BC9CEB8-8B4A-11D0-8D11-00A0C91BC942}") = "LA1058", "..\LA1058\LA1058.vcxproj", "{F68BC4EB-C825-4703-A616-A5133F356A8E}"
EndProject
Project("{8BC9CEB8-8B4A-11D0-8D11-00A0C91BC942}") = "LA1048", "..\LA1048\LA1048.vcxproj", "{2FC50D48-D7BB-4AC5-BC1A-7C2CDCFDF0FD}"
EndProject
Project("{8BC9CEB8-8B4A-11D0-8D11-00A0C91BC942}") = "LA1050", "..\LA1050\LA1050.vcxproj", "{FDC789F8-F10F-43B6-98C2-7F2F68EFA566}"
EndProject
Project("{8BC9CEB8-8B4A-11D0-8D11-00A0C91BC942}") = "LA1092", "..\LA1092\LA1092.vcxproj", "{27D0FF64-6DD1-4E96-8DD3-E5F1620F1AEE}"
EndProject
Project("{8BC9CEB8-8B4A-11D0-8D11-00A0C91BC942}") = "LA1084", "..\LA1084\LA1084.vcxproj", "{8D8627C4-D61C-4910-92FE-736B917AFDD8}"
EndProject
Project("{8BC9CEB8-8B4A-11D0-8D11-00A0C91BC942}") = "LA1012", "..\LA1012\LA1012.vcxproj", "{19F41144-030C-42E6-87EE-0F40F4617DC0}"
EndProject
Project("{8BC9CEB8-8B4A-11D0-8D11-00A0C91BC942}") = "LA1025", "..\LA1025\LA1025.vcxproj", "{23DB278B-C0D9-4322-8B8C-ADA02B44CA25}"
EndProject
Project("{8BC9CEB8-8B4A-11D0-8D11-00A0C91BC942}") = "LA1028", "..\LA1028\LA1028.vcxproj", "{DCBC47CC-67A2-4555-8C0E-99F2900691E1}"
EndProject
Project("{8BC9CEB8-8B4A-11D0-8D11-00A0C91BC942}") = "LA1055", "..\LA1055\LA1055.vcxproj", "{E0530425-9A98-4699-A8B7-BCC1F46FD224}"
EndProject
Project("{8BC9CEB8-8B4A-11D0-8D11-00A0C91BC942}") = "LA1075", "..\LA1075\LA1075.vcxproj", "{ACA436C9-CFB6-42BE-963C-96A2CA2917F0}"
EndProject
Project("{8BC9CEB8-8B4A-11D0-8D11-00A0C91BC942}") = "LA1080", "..\LA1080\LA1080.vcxproj", "{8F559473-7E5B-441C-BB19-D5899263140F}"
EndProject
Project("{8BC9CEB8-8B4A-11D0-8D11-00A0C91BC942}") = "LA1039", "..\LA1039\LA1039.vcxproj", "{CB9A5FA8-85DF-463E-84E8-CADFC8A8457A}"
EndProject
Project("{8BC9CEB8-8B4A-11D0-8D11-00A0C91BC942}") = "LA1098", "..\LA1098\LA1098.vcxproj", "{D18AC29B-39AD-4A1E-B584-3EA59E6A4B7B}"
EndProject
Project("{8BC9CEB8-8B4A-11D0-8D11-00A0C91BC942}") = "LA1022", "..\LA1022\LA1022.vcxproj", "{FF800134-1051-4374-8497-1433A47FB661}"
EndProject
Project("{8BC9CEB8-8B4A-11D0-8D11-00A0C91BC942}") = "LA1047", "..\LA1047\LA1047.vcxproj", "{885EC293-17A3-4099-91EA-BDE5C0F594A7}"
EndProject
Project("{8BC9CEB8-8B4A-11D0-8D11-00A0C91BC942}") = "LA1032", "..\LA1032\LA1032.vcxproj", "{75A9B4FF-E34B-4F43-8623-143B22314EF0}"
EndProject
Project("{8BC9CEB8-8B4A-11D0-8D11-00A0C91BC942}") = "LA1074", "..\LA1074\LA1074.vcxproj", "{C0AFDC90-68FE-4171-8C9D-FD2D870BBE1A}"
EndProject
Project("{8BC9CEB8-8B4A-11D0-8D11-00A0C91BC942}") = "LA1152", "..\LA1152\LA1152.vcxproj", "{155D6E34-2E38-40EE-8F1E-5F50811E62E8}"
EndProject
Project("{8BC9CEB8-8B4A-11D0-8D11-00A0C91BC942}") = "LA1153", "..\LA1153\LA1153.vcxproj", "{8F0098DB-8045-4DC2-ABB5-C61EC0E5292F}"
EndProject
Project("{8BC9CEB8-8B4A-11D0-8D11-00A0C91BC942}") = "LA1154", "..\LA1154\LA1154.vcxproj", "{F605B526-ED03-4CD2-8C28-7CE643AC7303}"
EndProject
Project("{8BC9CEB8-8B4A-11D0-8D11-00A0C91BC942}") = "LA1147", "..\LA1147\LA1147.vcxproj", "{2EAD1545-832A-488E-A960-297BF0CE2498}"
EndProject
Project("{8BC9CEB8-8B4A-11D0-8D11-00A0C91BC942}") = "LA1033", "..\LA1033\LA1033.vcxproj", "{6899FF6C-1C5C-41E6-BD3A-A2F325F4A16E}"
EndProject
Global
	GlobalSection(SolutionConfigurationPlatforms) = preSolution
		Debug|x64 = Debug|x64
		Debug|x86 = Debug|x86
		Release|x64 = Release|x64
		Release|x86 = Release|x86
	EndGlobalSection
	GlobalSection(ProjectConfigurationPlatforms) = postSolution
		{423534AB-CD6C-48CB-96A9-7A8143D1C8D1}.Debug|x64.ActiveCfg = Debug|x64
		{423534AB-CD6C-48CB-96A9-7A8143D1C8D1}.Debug|x64.Build.0 = Debug|x64
		{423534AB-CD6C-48CB-96A9-7A8143D1C8D1}.Debug|x86.ActiveCfg = Debug|Win32
		{423534AB-CD6C-48CB-96A9-7A8143D1C8D1}.Debug|x86.Build.0 = Debug|Win32
		{423534AB-CD6C-48CB-96A9-7A8143D1C8D1}.Release|x64.ActiveCfg = Release|x64
		{423534AB-CD6C-48CB-96A9-7A8143D1C8D1}.Release|x64.Build.0 = Release|x64
		{423534AB-CD6C-48CB-96A9-7A8143D1C8D1}.Release|x86.ActiveCfg = Release|Win32
		{423534AB-CD6C-48CB-96A9-7A8143D1C8D1}.Release|x86.Build.0 = Release|Win32
		{C0E32C59-2220-4DC7-A5E5-4645D19DA4E5}.Debug|x64.ActiveCfg = Debug|x64
		{C0E32C59-2220-4DC7-A5E5-4645D19DA4E5}.Debug|x64.Build.0 = Debug|x64
		{C0E32C59-2220-4DC7-A5E5-4645D19DA4E5}.Debug|x86.ActiveCfg = Debug|Win32
		{C0E32C59-2220-4DC7-A5E5-4645D19DA4E5}.Debug|x86.Build.0 = Debug|Win32
		{C0E32C59-2220-4DC7-A5E5-4645D19DA4E5}.Release|x64.ActiveCfg = Release|x64
		{C0E32C59-2220-4DC7-A5E5-4645D19DA4E5}.Release|x64.Build.0 = Release|x64
		{C0E32C59-2220-4DC7-A5E5-4645D19DA4E5}.Release|x86.ActiveCfg = Release|Win32
		{C0E32C59-2220-4DC7-A5E5-4645D19DA4E5}.Release|x86.Build.0 = Release|Win32
		{9E583EFF-D391-4407-B467-80B6C116583E}.Debug|x64.ActiveCfg = Debug|x64
		{9E583EFF-D391-4407-B467-80B6C116583E}.Debug|x64.Build.0 = Debug|x64
		{9E583EFF-D391-4407-B467-80B6C116583E}.Debug|x86.ActiveCfg = Debug|Win32
		{9E583EFF-D391-4407-B467-80B6C116583E}.Debug|x86.Build.0 = Debug|Win32
		{9E583EFF-D391-4407-B467-80B6C116583E}.Release|x64.ActiveCfg = Release|x64
		{9E583EFF-D391-4407-B467-80B6C116583E}.Release|x64.Build.0 = Release|x64
		{9E583EFF-D391-4407-B467-80B6C116583E}.Release|x86.ActiveCfg = Release|Win32
		{9E583EFF-D391-4407-B467-80B6C116583E}.Release|x86.Build.0 = Release|Win32
		{57B4E427-1BA8-4DFE-98EE-94673E134F7B}.Debug|x64.ActiveCfg = Debug|x64
		{57B4E427-1BA8-4DFE-98EE-94673E134F7B}.Debug|x64.Build.0 = Debug|x64
		{57B4E427-1BA8-4DFE-98EE-94673E134F7B}.Debug|x86.ActiveCfg = Debug|Win32
		{57B4E427-1BA8-4DFE-98EE-94673E134F7B}.Debug|x86.Build.0 = Debug|Win32
		{57B4E427-1BA8-4DFE-98EE-94673E134F7B}.Release|x64.ActiveCfg = Release|x64
		{57B4E427-1BA8-4DFE-98EE-94673E134F7B}.Release|x64.Build.0 = Release|x64
		{57B4E427-1BA8-4DFE-98EE-94673E134F7B}.Release|x86.ActiveCfg = Release|Win32
		{57B4E427-1BA8-4DFE-98EE-94673E134F7B}.Release|x86.Build.0 = Release|Win32
		{05994AC7-B3E1-428E-8830-C0B89619BB03}.Debug|x64.ActiveCfg = Debug|x64
		{05994AC7-B3E1-428E-8830-C0B89619BB03}.Debug|x64.Build.0 = Debug|x64
		{05994AC7-B3E1-428E-8830-C0B89619BB03}.Debug|x86.ActiveCfg = Debug|Win32
		{05994AC7-B3E1-428E-8830-C0B89619BB03}.Debug|x86.Build.0 = Debug|Win32
		{05994AC7-B3E1-428E-8830-C0B89619BB03}.Release|x64.ActiveCfg = Release|x64
		{05994AC7-B3E1-428E-8830-C0B89619BB03}.Release|x64.Build.0 = Release|x64
		{05994AC7-B3E1-428E-8830-C0B89619BB03}.Release|x86.ActiveCfg = Release|Win32
		{05994AC7-B3E1-428E-8830-C0B89619BB03}.Release|x86.Build.0 = Release|Win32
		{8E5C4C7C-0E7F-4B94-9A38-FC84FCED1725}.Debug|x64.ActiveCfg = Debug|x64
		{8E5C4C7C-0E7F-4B94-9A38-FC84FCED1725}.Debug|x64.Build.0 = Debug|x64
		{8E5C4C7C-0E7F-4B94-9A38-FC84FCED1725}.Debug|x86.ActiveCfg = Debug|Win32
		{8E5C4C7C-0E7F-4B94-9A38-FC84FCED1725}.Debug|x86.Build.0 = Debug|Win32
		{8E5C4C7C-0E7F-4B94-9A38-FC84FCED1725}.Release|x64.ActiveCfg = Release|x64
		{8E5C4C7C-0E7F-4B94-9A38-FC84FCED1725}.Release|x64.Build.0 = Release|x64
		{8E5C4C7C-0E7F-4B94-9A38-FC84FCED1725}.Release|x86.ActiveCfg = Release|Win32
		{8E5C4C7C-0E7F-4B94-9A38-FC84FCED1725}.Release|x86.Build.0 = Release|Win32
		{F3AFCBC9-8B5D-453F-8502-601EB0966061}.Debug|x64.ActiveCfg = Debug|x64
		{F3AFCBC9-8B5D-453F-8502-601EB0966061}.Debug|x64.Build.0 = Debug|x64
		{F3AFCBC9-8B5D-453F-8502-601EB0966061}.Debug|x86.ActiveCfg = Debug|Win32
		{F3AFCBC9-8B5D-453F-8502-601EB0966061}.Debug|x86.Build.0 = Debug|Win32
		{F3AFCBC9-8B5D-453F-8502-601EB0966061}.Release|x64.ActiveCfg = Release|x64
		{F3AFCBC9-8B5D-453F-8502-601EB0966061}.Release|x64.Build.0 = Release|x64
		{F3AFCBC9-8B5D-453F-8502-601EB0966061}.Release|x86.ActiveCfg = Release|Win32
		{F3AFCBC9-8B5D-453F-8502-601EB0966061}.Release|x86.Build.0 = Release|Win32
		{CFBE27D6-1F5D-4FC9-AB38-2056559DE7D6}.Debug|x64.ActiveCfg = Debug|x64
		{CFBE27D6-1F5D-4FC9-AB38-2056559DE7D6}.Debug|x64.Build.0 = Debug|x64
		{CFBE27D6-1F5D-4FC9-AB38-2056559DE7D6}.Debug|x86.ActiveCfg = Debug|Win32
		{CFBE27D6-1F5D-4FC9-AB38-2056559DE7D6}.Debug|x86.Build.0 = Debug|Win32
		{CFBE27D6-1F5D-4FC9-AB38-2056559DE7D6}.Release|x64.ActiveCfg = Release|x64
		{CFBE27D6-1F5D-4FC9-AB38-2056559DE7D6}.Release|x64.Build.0 = Release|x64
		{CFBE27D6-1F5D-4FC9-AB38-2056559DE7D6}.Release|x86.ActiveCfg = Release|Win32
		{CFBE27D6-1F5D-4FC9-AB38-2056559DE7D6}.Release|x86.Build.0 = Release|Win32
		{77BDCCB5-4A6E-4DC1-8E1D-AA5DE608DF27}.Debug|x64.ActiveCfg = Debug|x64
		{77BDCCB5-4A6E-4DC1-8E1D-AA5DE608DF27}.Debug|x64.Build.0 = Debug|x64
		{77BDCCB5-4A6E-4DC1-8E1D-AA5DE608DF27}.Debug|x86.ActiveCfg = Debug|Win32
		{77BDCCB5-4A6E-4DC1-8E1D-AA5DE608DF27}.Debug|x86.Build.0 = Debug|Win32
		{77BDCCB5-4A6E-4DC1-8E1D-AA5DE608DF27}.Release|x64.ActiveCfg = Release|x64
		{77BDCCB5-4A6E-4DC1-8E1D-AA5DE608DF27}.Release|x64.Build.0 = Release|x64
		{77BDCCB5-4A6E-4DC1-8E1D-AA5DE608DF27}.Release|x86.ActiveCfg = Release|Win32
		{77BDCCB5-4A6E-4DC1-8E1D-AA5DE608DF27}.Release|x86.Build.0 = Release|Win32
		{C5BAB9B1-0EB1-4CDC-A845-CB141826D424}.Debug|x64.ActiveCfg = Debug|x64
		{C5BAB9B1-0EB1-4CDC-A845-CB141826D424}.Debug|x64.Build.0 = Debug|x64
		{C5BAB9B1-0EB1-4CDC-A845-CB141826D424}.Debug|x86.ActiveCfg = Debug|Win32
		{C5BAB9B1-0EB1-4CDC-A845-CB141826D424}.Debug|x86.Build.0 = Debug|Win32
		{C5BAB9B1-0EB1-4CDC-A845-CB141826D424}.Release|x64.ActiveCfg = Release|x64
		{C5BAB9B1-0EB1-4CDC-A845-CB141826D424}.Release|x64.Build.0 = Release|x64
		{C5BAB9B1-0EB1-4CDC-A845-CB141826D424}.Release|x86.ActiveCfg = Release|Win32
		{C5BAB9B1-0EB1-4CDC-A845-CB141826D424}.Release|x86.Build.0 = Release|Win32
		{F2EA0323-D0C8-47AA-8D0A-993305545CFE}.Debug|x64.ActiveCfg = Debug|x64
		{F2EA0323-D0C8-47AA-8D0A-993305545CFE}.Debug|x64.Build.0 = Debug|x64
		{F2EA0323-D0C8-47AA-8D0A-993305545CFE}.Debug|x86.ActiveCfg = Debug|Win32
		{F2EA0323-D0C8-47AA-8D0A-993305545CFE}.Debug|x86.Build.0 = Debug|Win32
		{F2EA0323-D0C8-47AA-8D0A-993305545CFE}.Release|x64.ActiveCfg = Release|x64
		{F2EA0323-D0C8-47AA-8D0A-993305545CFE}.Release|x64.Build.0 = Release|x64
		{F2EA0323-D0C8-47AA-8D0A-993305545CFE}.Release|x86.ActiveCfg = Release|Win32
		{F2EA0323-D0C8-47AA-8D0A-993305545CFE}.Release|x86.Build.0 = Release|Win32
		{F3D1054F-5EC8-47AA-9DE3-649B444F675B}.Debug|x64.ActiveCfg = Debug|x64
		{F3D1054F-5EC8-47AA-9DE3-649B444F675B}.Debug|x64.Build.0 = Debug|x64
		{F3D1054F-5EC8-47AA-9DE3-649B444F675B}.Debug|x86.ActiveCfg = Debug|Win32
		{F3D1054F-5EC8-47AA-9DE3-649B444F675B}.Debug|x86.Build.0 = Debug|Win32
		{F3D1054F-5EC8-47AA-9DE3-649B444F675B}.Release|x64.ActiveCfg = Release|x64
		{F3D1054F-5EC8-47AA-9DE3-649B444F675B}.Release|x64.Build.0 = Release|x64
		{F3D1054F-5EC8-47AA-9DE3-649B444F675B}.Release|x86.ActiveCfg = Release|Win32
		{F3D1054F-5EC8-47AA-9DE3-649B444F675B}.Release|x86.Build.0 = Release|Win32
		{62841772-DC86-4AF6-A1AB-90D0346CFE82}.Debug|x64.ActiveCfg = Debug|x64
		{62841772-DC86-4AF6-A1AB-90D0346CFE82}.Debug|x64.Build.0 = Debug|x64
		{62841772-DC86-4AF6-A1AB-90D0346CFE82}.Debug|x86.ActiveCfg = Debug|Win32
		{62841772-DC86-4AF6-A1AB-90D0346CFE82}.Debug|x86.Build.0 = Debug|Win32
		{62841772-DC86-4AF6-A1AB-90D0346CFE82}.Release|x64.ActiveCfg = Release|x64
		{62841772-DC86-4AF6-A1AB-90D0346CFE82}.Release|x64.Build.0 = Release|x64
		{62841772-DC86-4AF6-A1AB-90D0346CFE82}.Release|x86.ActiveCfg = Release|Win32
		{62841772-DC86-4AF6-A1AB-90D0346CFE82}.Release|x86.Build.0 = Release|Win32
		{075EFEA4-3DB5-47D4-A404-7B662BC84AA5}.Debug|x64.ActiveCfg = Debug|x64
		{075EFEA4-3DB5-47D4-A404-7B662BC84AA5}.Debug|x64.Build.0 = Debug|x64
		{075EFEA4-3DB5-47D4-A404-7B662BC84AA5}.Debug|x86.ActiveCfg = Debug|Win32
		{075EFEA4-3DB5-47D4-A404-7B662BC84AA5}.Debug|x86.Build.0 = Debug|Win32
		{075EFEA4-3DB5-47D4-A404-7B662BC84AA5}.Release|x64.ActiveCfg = Release|x64
		{075EFEA4-3DB5-47D4-A404-7B662BC84AA5}.Release|x64.Build.0 = Release|x64
		{075EFEA4-3DB5-47D4-A404-7B662BC84AA5}.Release|x86.ActiveCfg = Release|Win32
		{075EFEA4-3DB5-47D4-A404-7B662BC84AA5}.Release|x86.Build.0 = Release|Win32
		{21E4B44C-E240-45EB-992F-2DF85938A97B}.Debug|x64.ActiveCfg = Debug|x64
		{21E4B44C-E240-45EB-992F-2DF85938A97B}.Debug|x64.Build.0 = Debug|x64
		{21E4B44C-E240-45EB-992F-2DF85938A97B}.Debug|x86.ActiveCfg = Debug|Win32
		{21E4B44C-E240-45EB-992F-2DF85938A97B}.Debug|x86.Build.0 = Debug|Win32
		{21E4B44C-E240-45EB-992F-2DF85938A97B}.Release|x64.ActiveCfg = Release|x64
		{21E4B44C-E240-45EB-992F-2DF85938A97B}.Release|x64.Build.0 = Release|x64
		{21E4B44C-E240-45EB-992F-2DF85938A97B}.Release|x86.ActiveCfg = Release|Win32
		{21E4B44C-E240-45EB-992F-2DF85938A97B}.Release|x86.Build.0 = Release|Win32
		{702DA943-541F-4B2A-91E9-0534E3A821D7}.Debug|x64.ActiveCfg = Debug|x64
		{702DA943-541F-4B2A-91E9-0534E3A821D7}.Debug|x64.Build.0 = Debug|x64
		{702DA943-541F-4B2A-91E9-0534E3A821D7}.Debug|x86.ActiveCfg = Debug|Win32
		{702DA943-541F-4B2A-91E9-0534E3A821D7}.Debug|x86.Build.0 = Debug|Win32
		{702DA943-541F-4B2A-91E9-0534E3A821D7}.Release|x64.ActiveCfg = Release|x64
		{702DA943-541F-4B2A-91E9-0534E3A821D7}.Release|x64.Build.0 = Release|x64
		{702DA943-541F-4B2A-91E9-0534E3A821D7}.Release|x86.ActiveCfg = Release|Win32
		{702DA943-541F-4B2A-91E9-0534E3A821D7}.Release|x86.Build.0 = Release|Win32
		{75842AE9-5CA0-40BF-AD85-C9AD12D9EA56}.Debug|x64.ActiveCfg = Debug|x64
		{75842AE9-5CA0-40BF-AD85-C9AD12D9EA56}.Debug|x64.Build.0 = Debug|x64
		{75842AE9-5CA0-40BF-AD85-C9AD12D9EA56}.Debug|x86.ActiveCfg = Debug|Win32
		{75842AE9-5CA0-40BF-AD85-C9AD12D9EA56}.Debug|x86.Build.0 = Debug|Win32
		{75842AE9-5CA0-40BF-AD85-C9AD12D9EA56}.Release|x64.ActiveCfg = Release|x64
		{75842AE9-5CA0-40BF-AD85-C9AD12D9EA56}.Release|x64.Build.0 = Release|x64
		{75842AE9-5CA0-40BF-AD85-C9AD12D9EA56}.Release|x86.ActiveCfg = Release|Win32
		{75842AE9-5CA0-40BF-AD85-C9AD12D9EA56}.Release|x86.Build.0 = Release|Win32
		{4102015A-59A4-41C3-93F2-DB66ECAABC62}.Debug|x64.ActiveCfg = Debug|x64
		{4102015A-59A4-41C3-93F2-DB66ECAABC62}.Debug|x64.Build.0 = Debug|x64
		{4102015A-59A4-41C3-93F2-DB66ECAABC62}.Debug|x86.ActiveCfg = Debug|Win32
		{4102015A-59A4-41C3-93F2-DB66ECAABC62}.Debug|x86.Build.0 = Debug|Win32
		{4102015A-59A4-41C3-93F2-DB66ECAABC62}.Release|x64.ActiveCfg = Release|x64
		{4102015A-59A4-41C3-93F2-DB66ECAABC62}.Release|x64.Build.0 = Release|x64
		{4102015A-59A4-41C3-93F2-DB66ECAABC62}.Release|x86.ActiveCfg = Release|Win32
		{4102015A-59A4-41C3-93F2-DB66ECAABC62}.Release|x86.Build.0 = Release|Win32
		{6D2B6DBF-4A83-4D1B-A03D-77348E139B5D}.Debug|x64.ActiveCfg = Debug|x64
		{6D2B6DBF-4A83-4D1B-A03D-77348E139B5D}.Debug|x64.Build.0 = Debug|x64
		{6D2B6DBF-4A83-4D1B-A03D-77348E139B5D}.Debug|x86.ActiveCfg = Debug|Win32
		{6D2B6DBF-4A83-4D1B-A03D-77348E139B5D}.Debug|x86.Build.0 = Debug|Win32
		{6D2B6DBF-4A83-4D1B-A03D-77348E139B5D}.Release|x64.ActiveCfg = Release|x64
		{6D2B6DBF-4A83-4D1B-A03D-77348E139B5D}.Release|x64.Build.0 = Release|x64
		{6D2B6DBF-4A83-4D1B-A03D-77348E139B5D}.Release|x86.ActiveCfg = Release|Win32
		{6D2B6DBF-4A83-4D1B-A03D-77348E139B5D}.Release|x86.Build.0 = Release|Win32
		{6F2458AD-E8F4-4455-A1F6-3D5A9A359B98}.Debug|x64.ActiveCfg = Debug|x64
		{6F2458AD-E8F4-4455-A1F6-3D5A9A359B98}.Debug|x64.Build.0 = Debug|x64
		{6F2458AD-E8F4-4455-A1F6-3D5A9A359B98}.Debug|x86.ActiveCfg = Debug|Win32
		{6F2458AD-E8F4-4455-A1F6-3D5A9A359B98}.Debug|x86.Build.0 = Debug|Win32
		{6F2458AD-E8F4-4455-A1F6-3D5A9A359B98}.Release|x64.ActiveCfg = Release|x64
		{6F2458AD-E8F4-4455-A1F6-3D5A9A359B98}.Release|x64.Build.0 = Release|x64
		{6F2458AD-E8F4-4455-A1F6-3D5A9A359B98}.Release|x86.ActiveCfg = Release|Win32
		{6F2458AD-E8F4-4455-A1F6-3D5A9A359B98}.Release|x86.Build.0 = Release|Win32
		{F68BC4EB-C825-4703-A616-A5133F356A8E}.Debug|x64.ActiveCfg = Debug|x64
		{F68BC4EB-C825-4703-A616-A5133F356A8E}.Debug|x64.Build.0 = Debug|x64
		{F68BC4EB-C825-4703-A616-A5133F356A8E}.Debug|x86.ActiveCfg = Debug|Win32
		{F68BC4EB-C825-4703-A616-A5133F356A8E}.Debug|x86.Build.0 = Debug|Win32
		{F68BC4EB-C825-4703-A616-A5133F356A8E}.Release|x64.ActiveCfg = Release|x64
		{F68BC4EB-C825-4703-A616-A5133F356A8E}.Release|x64.Build.0 = Release|x64
		{F68BC4EB-C825-4703-A616-A5133F356A8E}.Release|x86.ActiveCfg = Release|Win32
		{F68BC4EB-C825-4703-A616-A5133F356A8E}.Release|x86.Build.0 = Release|Win32
		{2FC50D48-D7BB-4AC5-BC1A-7C2CDCFDF0FD}.Debug|x64.ActiveCfg = Debug|x64
		{2FC50D48-D7BB-4AC5-BC1A-7C2CDCFDF0FD}.Debug|x64.Build.0 = Debug|x64
		{2FC50D48-D7BB-4AC5-BC1A-7C2CDCFDF0FD}.Debug|x86.ActiveCfg = Debug|Win32
		{2FC50D48-D7BB-4AC5-BC1A-7C2CDCFDF0FD}.Debug|x86.Build.0 = Debug|Win32
		{2FC50D48-D7BB-4AC5-BC1A-7C2CDCFDF0FD}.Release|x64.ActiveCfg = Release|x64
		{2FC50D48-D7BB-4AC5-BC1A-7C2CDCFDF0FD}.Release|x64.Build.0 = Release|x64
		{2FC50D48-D7BB-4AC5-BC1A-7C2CDCFDF0FD}.Release|x86.ActiveCfg = Release|Win32
		{2FC50D48-D7BB-4AC5-BC1A-7C2CDCFDF0FD}.Release|x86.Build.0 = Release|Win32
		{FDC789F8-F10F-43B6-98C2-7F2F68EFA566}.Debug|x64.ActiveCfg = Debug|x64
		{FDC789F8-F10F-43B6-98C2-7F2F68EFA566}.Debug|x64.Build.0 = Debug|x64
		{FDC789F8-F10F-43B6-98C2-7F2F68EFA566}.Debug|x86.ActiveCfg = Debug|Win32
		{FDC789F8-F10F-43B6-98C2-7F2F68EFA566}.Debug|x86.Build.0 = Debug|Win32
		{FDC789F8-F10F-43B6-98C2-7F2F68EFA566}.Release|x64.ActiveCfg = Release|x64
		{FDC789F8-F10F-43B6-98C2-7F2F68EFA566}.Release|x64.Build.0 = Release|x64
		{FDC789F8-F10F-43B6-98C2-7F2F68EFA566}.Release|x86.ActiveCfg = Release|Win32
		{FDC789F8-F10F-43B6-98C2-7F2F68EFA566}.Release|x86.Build.0 = Release|Win32
		{27D0FF64-6DD1-4E96-8DD3-E5F1620F1AEE}.Debug|x64.ActiveCfg = Debug|x64
		{27D0FF64-6DD1-4E96-8DD3-E5F1620F1AEE}.Debug|x64.Build.0 = Debug|x64
		{27D0FF64-6DD1-4E96-8DD3-E5F1620F1AEE}.Debug|x86.ActiveCfg = Debug|Win32
		{27D0FF64-6DD1-4E96-8DD3-E5F1620F1AEE}.Debug|x86.Build.0 = Debug|Win32
		{27D0FF64-6DD1-4E96-8DD3-E5F1620F1AEE}.Release|x64.ActiveCfg = Release|x64
		{27D0FF64-6DD1-4E96-8DD3-E5F1620F1AEE}.Release|x64.Build.0 = Release|x64
		{27D0FF64-6DD1-4E96-8DD3-E5F1620F1AEE}.Release|x86.ActiveCfg = Release|Win32
		{27D0FF64-6DD1-4E96-8DD3-E5F1620F1AEE}.Release|x86.Build.0 = Release|Win32
		{8D8627C4-D61C-4910-92FE-736B917AFDD8}.Debug|x64.ActiveCfg = Debug|x64
		{8D8627C4-D61C-4910-92FE-736B917AFDD8}.Debug|x64.Build.0 = Debug|x64
		{8D8627C4-D61C-4910-92FE-736B917AFDD8}.Debug|x86.ActiveCfg = Debug|Win32
		{8D8627C4-D61C-4910-92FE-736B917AFDD8}.Debug|x86.Build.0 = Debug|Win32
		{8D8627C4-D61C-4910-92FE-736B917AFDD8}.Release|x64.ActiveCfg = Release|x64
		{8D8627C4-D61C-4910-92FE-736B917AFDD8}.Release|x64.Build.0 = Release|x64
		{8D8627C4-D61C-4910-92FE-736B917AFDD8}.Release|x86.ActiveCfg = Release|Win32
		{8D8627C4-D61C-4910-92FE-736B917AFDD8}.Release|x86.Build.0 = Release|Win32
		{19F41144-030C-42E6-87EE-0F40F4617DC0}.Debug|x64.ActiveCfg = Debug|x64
		{19F41144-030C-42E6-87EE-0F40F4617DC0}.Debug|x64.Build.0 = Debug|x64
		{19F41144-030C-42E6-87EE-0F40F4617DC0}.Debug|x86.ActiveCfg = Debug|Win32
		{19F41144-030C-42E6-87EE-0F40F4617DC0}.Debug|x86.Build.0 = Debug|Win32
		{19F41144-030C-42E6-87EE-0F40F4617DC0}.Release|x64.ActiveCfg = Release|x64
		{19F41144-030C-42E6-87EE-0F40F4617DC0}.Release|x64.Build.0 = Release|x64
		{19F41144-030C-42E6-87EE-0F40F4617DC0}.Release|x86.ActiveCfg = Release|Win32
		{19F41144-030C-42E6-87EE-0F40F4617DC0}.Release|x86.Build.0 = Release|Win32
		{23DB278B-C0D9-4322-8B8C-ADA02B44CA25}.Debug|x64.ActiveCfg = Debug|x64
		{23DB278B-C0D9-4322-8B8C-ADA02B44CA25}.Debug|x64.Build.0 = Debug|x64
		{23DB278B-C0D9-4322-8B8C-ADA02B44CA25}.Debug|x86.ActiveCfg = Debug|Win32
		{23DB278B-C0D9-4322-8B8C-ADA02B44CA25}.Debug|x86.Build.0 = Debug|Win32
		{23DB278B-C0D9-4322-8B8C-ADA02B44CA25}.Release|x64.ActiveCfg = Release|x64
		{23DB278B-C0D9-4322-8B8C-ADA02B44CA25}.Release|x64.Build.0 = Release|x64
		{23DB278B-C0D9-4322-8B8C-ADA02B44CA25}.Release|x86.ActiveCfg = Release|Win32
		{23DB278B-C0D9-4322-8B8C-ADA02B44CA25}.Release|x86.Build.0 = Release|Win32
		{DCBC47CC-67A2-4555-8C0E-99F2900691E1}.Debug|x64.ActiveCfg = Debug|x64
		{DCBC47CC-67A2-4555-8C0E-99F2900691E1}.Debug|x64.Build.0 = Debug|x64
		{DCBC47CC-67A2-4555-8C0E-99F2900691E1}.Debug|x86.ActiveCfg = Debug|Win32
		{DCBC47CC-67A2-4555-8C0E-99F2900691E1}.Debug|x86.Build.0 = Debug|Win32
		{DCBC47CC-67A2-4555-8C0E-99F2900691E1}.Release|x64.ActiveCfg = Release|x64
		{DCBC47CC-67A2-4555-8C0E-99F2900691E1}.Release|x64.Build.0 = Release|x64
		{DCBC47CC-67A2-4555-8C0E-99F2900691E1}.Release|x86.ActiveCfg = Release|Win32
		{DCBC47CC-67A2-4555-8C0E-99F2900691E1}.Release|x86.Build.0 = Release|Win32
		{E0530425-9A98-4699-A8B7-BCC1F46FD224}.Debug|x64.ActiveCfg = Debug|x64
		{E0530425-9A98-4699-A8B7-BCC1F46FD224}.Debug|x64.Build.0 = Debug|x64
		{E0530425-9A98-4699-A8B7-BCC1F46FD224}.Debug|x86.ActiveCfg = Debug|Win32
		{E0530425-9A98-4699-A8B7-BCC1F46FD224}.Debug|x86.Build.0 = Debug|Win32
		{E0530425-9A98-4699-A8B7-BCC1F46FD224}.Release|x64.ActiveCfg = Release|x64
		{E0530425-9A98-4699-A8B7-BCC1F46FD224}.Release|x64.Build.0 = Release|x64
		{E0530425-9A98-4699-A8B7-BCC1F46FD224}.Release|x86.ActiveCfg = Release|Win32
		{E0530425-9A98-4699-A8B7-BCC1F46FD224}.Release|x86.Build.0 = Release|Win32
		{ACA436C9-CFB6-42BE-963C-96A2CA2917F0}.Debug|x64.ActiveCfg = Debug|x64
		{ACA436C9-CFB6-42BE-963C-96A2CA2917F0}.Debug|x64.Build.0 = Debug|x64
		{ACA436C9-CFB6-42BE-963C-96A2CA2917F0}.Debug|x86.ActiveCfg = Debug|Win32
		{ACA436C9-CFB6-42BE-963C-96A2CA2917F0}.Debug|x86.Build.0 = Debug|Win32
		{ACA436C9-CFB6-42BE-963C-96A2CA2917F0}.Release|x64.ActiveCfg = Release|x64
		{ACA436C9-CFB6-42BE-963C-96A2CA2917F0}.Release|x64.Build.0 = Release|x64
		{ACA436C9-CFB6-42BE-963C-96A2CA2917F0}.Release|x86.ActiveCfg = Release|Win32
		{ACA436C9-CFB6-42BE-963C-96A2CA2917F0}.Release|x86.Build.0 = Release|Win32
		{8F559473-7E5B-441C-BB19-D5899263140F}.Debug|x64.ActiveCfg = Debug|x64
		{8F559473-7E5B-441C-BB19-D5899263140F}.Debug|x64.Build.0 = Debug|x64
		{8F559473-7E5B-441C-BB19-D5899263140F}.Debug|x86.ActiveCfg = Debug|Win32
		{8F559473-7E5B-441C-BB19-D5899263140F}.Debug|x86.Build.0 = Debug|Win32
		{8F559473-7E5B-441C-BB19-D5899263140F}.Release|x64.ActiveCfg = Release|x64
		{8F559473-7E5B-441C-BB19-D5899263140F}.Release|x64.Build.0 = Release|x64
		{8F559473-7E5B-441C-BB19-D5899263140F}.Release|x86.ActiveCfg = Release|Win32
		{8F559473-7E5B-441C-BB19-D5899263140F}.Release|x86.Build.0 = Release|Win32
		{CB9A5FA8-85DF-463E-84E8-CADFC8A8457A}.Debug|x64.ActiveCfg = Debug|x64
		{CB9A5FA8-85DF-463E-84E8-CADFC8A8457A}.Debug|x64.Build.0 = Debug|x64
		{CB9A5FA8-85DF-463E-84E8-CADFC8A8457A}.Debug|x86.ActiveCfg = Debug|Win32
		{CB9A5FA8-85DF-463E-84E8-CADFC8A8457A}.Debug|x86.Build.0 = Debug|Win32
		{CB9A5FA8-85DF-463E-84E8-CADFC8A8457A}.Release|x64.ActiveCfg = Release|x64
		{CB9A5FA8-85DF-463E-84E8-CADFC8A8457A}.Release|x64.Build.0 = Release|x64
		{CB9A5FA8-85DF-463E-84E8-CADFC8A8457A}.Release|x86.ActiveCfg = Release|Win32
		{CB9A5FA8-85DF-463E-84E8-CADFC8A8457A}.Release|x86.Build.0 = Release|Win32
		{D18AC29B-39AD-4A1E-B584-3EA59E6A4B7B}.Debug|x64.ActiveCfg = Debug|x64
		{D18AC29B-39AD-4A1E-B584-3EA59E6A4B7B}.Debug|x64.Build.0 = Debug|x64
		{D18AC29B-39AD-4A1E-B584-3EA59E6A4B7B}.Debug|x86.ActiveCfg = Debug|Win32
		{D18AC29B-39AD-4A1E-B584-3EA59E6A4B7B}.Debug|x86.Build.0 = Debug|Win32
		{D18AC29B-39AD-4A1E-B584-3EA59E6A4B7B}.Release|x64.ActiveCfg = Release|x64
		{D18AC29B-39AD-4A1E-B584-3EA59E6A4B7B}.Release|x64.Build.0 = Release|x64
		{D18AC29B-39AD-4A1E-B584-3EA59E6A4B7B}.Release|x86.ActiveCfg = Release|Win32
		{D18AC29B-39AD-4A1E-B584-3EA59E6A4B7B}.Release|x86.Build.0 = Release|Win32
		{FF800134-1051-4374-8497-1433A47FB661}.Debug|x64.ActiveCfg = Debug|x64
		{FF800134-1051-4374-8497-1433A47FB661}.Debug|x64.Build.0 = Debug|x64
		{FF800134-1051-4374-8497-1433A47FB661}.Debug|x86.ActiveCfg = Debug|Win32
		{FF800134-1051-4374-8497-1433A47FB661}.Debug|x86.Build.0 = Debug|Win32
		{FF800134-1051-4374-8497-1433A47FB661}.Release|x64.ActiveCfg = Release|x64
		{FF800134-1051-4374-8497-1433A47FB661}.Release|x64.Build.0 = Release|x64
		{FF800134-1051-4374-8497-1433A47FB661}.Release|x86.ActiveCfg = Release|Win32
		{FF800134-1051-4374-8497-1433A47FB661}.Release|x86.Build.0 = Release|Win32
		{885EC293-17A3-4099-91EA-BDE5C0F594A7}.Debug|x64.ActiveCfg = Debug|x64
		{885EC293-17A3-4099-91EA-BDE5C0F594A7}.Debug|x64.Build.0 = Debug|x64
		{885EC293-17A3-4099-91EA-BDE5C0F594A7}.Debug|x86.ActiveCfg = Debug|Win32
		{885EC293-17A3-4099-91EA-BDE5C0F594A7}.Debug|x86.Build.0 = Debug|Win32
		{885EC293-17A3-4099-91EA-BDE5C0F594A7}.Release|x64.ActiveCfg = Release|x64
		{885EC293-17A3-4099-91EA-BDE5C0F594A7}.Release|x64.Build.0 = Release|x64
		{885EC293-17A3-4099-91EA-BDE5C0F594A7}.Release|x86.ActiveCfg = Release|Win32
		{885EC293-17A3-4099-91EA-BDE5C0F594A7}.Release|x86.Build.0 = Release|Win32
		{75A9B4FF-E34B-4F43-8623-143B22314EF0}.Debug|x64.ActiveCfg = Debug|x64
		{75A9B4FF-E34B-4F43-8623-143B22314EF0}.Debug|x64.Build.0 = Debug|x64
		{75A9B4FF-E34B-4F43-8623-143B22314EF0}.Debug|x86.ActiveCfg = Debug|Win32
		{75A9B4FF-E34B-4F43-8623-143B22314EF0}.Debug|x86.Build.0 = Debug|Win32
		{75A9B4FF-E34B-4F43-8623-143B22314EF0}.Release|x64.ActiveCfg = Release|x64
		{75A9B4FF-E34B-4F43-8623-143B22314EF0}.Release|x64.Build.0 = Release|x64
		{75A9B4FF-E34B-4F43-8623-143B22314EF0}.Release|x86.ActiveCfg = Release|Win32
		{75A9B4FF-E34B-4F43-8623-143B22314EF0}.Release|x86.Build.0 = Release|Win32
		{C0AFDC90-68FE-4171-8C9D-FD2D870BBE1A}.Debug|x64.ActiveCfg = Debug|x64
		{C0AFDC90-68FE-4171-8C9D-FD2D870BBE1A}.Debug|x64.Build.0 = Debug|x64
		{C0AFDC90-68FE-4171-8C9D-FD2D870BBE1A}.Debug|x86.ActiveCfg = Debug|Win32
		{C0AFDC90-68FE-4171-8C9D-FD2D870BBE1A}.Debug|x86.Build.0 = Debug|Win32
		{C0AFDC90-68FE-4171-8C9D-FD2D870BBE1A}.Release|x64.ActiveCfg = Release|x64
		{C0AFDC90-68FE-4171-8C9D-FD2D870BBE1A}.Release|x64.Build.0 = Release|x64
		{C0AFDC90-68FE-4171-8C9D-FD2D870BBE1A}.Release|x86.ActiveCfg = Release|Win32
		{C0AFDC90-68FE-4171-8C9D-FD2D870BBE1A}.Release|x86.Build.0 = Release|Win32
		{155D6E34-2E38-40EE-8F1E-5F50811E62E8}.Debug|x64.ActiveCfg = Debug|x64
		{155D6E34-2E38-40EE-8F1E-5F50811E62E8}.Debug|x64.Build.0 = Debug|x64
		{155D6E34-2E38-40EE-8F1E-5F50811E62E8}.Debug|x86.ActiveCfg = Debug|Win32
		{155D6E34-2E38-40EE-8F1E-5F50811E62E8}.Debug|x86.Build.0 = Debug|Win32
		{155D6E34-2E38-40EE-8F1E-5F50811E62E8}.Release|x64.ActiveCfg = Release|x64
		{155D6E34-2E38-40EE-8F1E-5F50811E62E8}.Release|x64.Build.0 = Release|x64
		{155D6E34-2E38-40EE-8F1E-5F50811E62E8}.Release|x86.ActiveCfg = Release|Win32
		{155D6E34-2E38-40EE-8F1E-5F50811E62E8}.Release|x86.Build.0 = Release|Win32
		{8F0098DB-8045-4DC2-ABB5-C61EC0E5292F}.Debug|x64.ActiveCfg = Debug|x64
		{8F0098DB-8045-4DC2-ABB5-C61EC0E5292F}.Debug|x64.Build.0 = Debug|x64
		{8F0098DB-8045-4DC2-ABB5-C61EC0E5292F}.Debug|x86.ActiveCfg = Debug|Win32
		{8F0098DB-8045-4DC2-ABB5-C61EC0E5292F}.Debug|x86.Build.0 = Debug|Win32
		{8F0098DB-8045-4DC2-ABB5-C61EC0E5292F}.Release|x64.ActiveCfg = Release|x64
		{8F0098DB-8045-4DC2-ABB5-C61EC0E5292F}.Release|x64.Build.0 = Release|x64
		{8F0098DB-8045-4DC2-ABB5-C61EC0E5292F}.Release|x86.ActiveCfg = Release|Win32
		{8F0098DB-8045-4DC2-ABB5-C61EC0E5292F}.Release|x86.Build.0 = Release|Win32
		{F605B526-ED03-4CD2-8C28-7CE643AC7303}.Debug|x64.ActiveCfg = Debug|x64
		{F605B526-ED03-4CD2-8C28-7CE643AC7303}.Debug|x64.Build.0 = Debug|x64
		{F605B526-ED03-4CD2-8C28-7CE643AC7303}.Debug|x86.ActiveCfg = Debug|Win32
		{F605B526-ED03-4CD2-8C28-7CE643AC7303}.Debug|x86.Build.0 = Debug|Win32
		{F605B526-ED03-4CD2-8C28-7CE643AC7303}.Release|x64.ActiveCfg = Release|x64
		{F605B526-ED03-4CD2-8C28-7CE643AC7303}.Release|x64.Build.0 = Release|x64
		{F605B526-ED03-4CD2-8C28-7CE643AC7303}.Release|x86.ActiveCfg = Release|Win32
		{F605B526-ED03-4CD2-8C28-7CE643AC7303}.Release|x86.Build.0 = Release|Win32
		{2EAD1545-832A-488E-A960-297BF0CE2498}.Debug|x64.ActiveCfg = Debug|x64
		{2EAD1545-832A-488E-A960-297BF0CE2498}.Debug|x64.Build.0 = Debug|x64
		{2EAD1545-832A-488E-A960-297BF0CE2498}.Debug|x86.ActiveCfg = Debug|Win32
		{2EAD1545-832A-488E-A960-297BF0CE2498}.Debug|x86.Build.0 = Debug|Win32
		{2EAD1545-832A-488E-A960-297BF0CE2498}.Release|x64.ActiveCfg = Release|x64
		{2EAD1545-832A-488E-A960-297BF0CE2498}.Release|x64.Build.0 = Release|x64
		{2EAD1545-832A-488E-A960-297BF0CE2498}.Release|x86.ActiveCfg = Release|Win32
		{2EAD1545-832A-488E-A960-297BF0CE2498}.Release|x86.Build.0 = Release|Win32
		{6899FF6C-1C5C-41E6-BD3A-A2F325F4A16E}.Debug|x64.ActiveCfg = Debug|x64
		{6899FF6C-1C5C-41E6-BD3A-A2F325F4A16E}.Debug|x64.Build.0 = Debug|x64
		{6899FF6C-1C5C-41E6-BD3A-A2F325F4A16E}.Debug|x86.ActiveCfg = Debug|Win32
		{6899FF6C-1C5C-41E6-BD3A-A2F325F4A16E}.Debug|x86.Build.0 = Debug|Win32
		{6899FF6C-1C5C-41E6-BD3A-A2F325F4A16E}.Release|x64.ActiveCfg = Release|x64
		{6899FF6C-1C5C-41E6-BD3A-A2F325F4A16E}.Release|x64.Build.0 = Release|x64
		{6899FF6C-1C5C-41E6-BD3A-A2F325F4A16E}.Release|x86.ActiveCfg = Release|Win32
		{6899FF6C-1C5C-41E6-BD3A-A2F325F4A16E}.Release|x86.Build.0 = Release|Win32
	EndGlobalSection
	GlobalSection(SolutionProperties) = preSolution
		HideSolutionNode = FALSE
	EndGlobalSection
	GlobalSection(ExtensibilityGlobals) = postSolution
		SolutionGuid = {17E9B796-0F15-41DC-992D-D4381942FB61}
	EndGlobalSection
EndGlobal
